
Microsoft Visual Studio Solution File, Format Version 12.00
# Visual Studio 15
VisualStudioVersion = 15.0.28307.779
MinimumVisualStudioVersion = 10.0.40219.1
Project("{FAE04EC0-301F-11D3-BF4B-00C04F79EFBC}") = "Franks International", "Franks International\Franks International.csproj", "{54D9299D-9A54-4584-B92E-CE2C0F5F00C0}"
EndProject
Project("{9A19103F-16F7-4668-BE54-9A1E7A4F7556}") = "Franks InternationalML.Model", "Franks InternationalML.Model\Franks InternationalML.Model.csproj", "{2EB84D10-0D94-465C-959E-59F6B742C680}"
EndProject
Project("{9A19103F-16F7-4668-BE54-9A1E7A4F7556}") = "Franks InternationalML.ConsoleApp", "Franks InternationalML.ConsoleApp\Franks InternationalML.ConsoleApp.csproj", "{CF2D330F-77D5-40B8-83C6-04C357D17947}"
EndProject
Global
	GlobalSection(SolutionConfigurationPlatforms) = preSolution
		Debug|Any CPU = Debug|Any CPU
		Release|Any CPU = Release|Any CPU
	EndGlobalSection
	GlobalSection(ProjectConfigurationPlatforms) = postSolution
		{54D9299D-9A54-4584-B92E-CE2C0F5F00C0}.Debug|Any CPU.ActiveCfg = Debug|Any CPU
		{54D9299D-9A54-4584-B92E-CE2C0F5F00C0}.Debug|Any CPU.Build.0 = Debug|Any CPU
		{54D9299D-9A54-4584-B92E-CE2C0F5F00C0}.Release|Any CPU.ActiveCfg = Release|Any CPU
		{54D9299D-9A54-4584-B92E-CE2C0F5F00C0}.Release|Any CPU.Build.0 = Release|Any CPU
		{2EB84D10-0D94-465C-959E-59F6B742C680}.Debug|Any CPU.ActiveCfg = Debug|Any CPU
		{2EB84D10-0D94-465C-959E-59F6B742C680}.Debug|Any CPU.Build.0 = Debug|Any CPU
		{2EB84D10-0D94-465C-959E-59F6B742C680}.Release|Any CPU.ActiveCfg = Release|Any CPU
		{2EB84D10-0D94-465C-959E-59F6B742C680}.Release|Any CPU.Build.0 = Release|Any CPU
		{CF2D330F-77D5-40B8-83C6-04C357D17947}.Debug|Any CPU.ActiveCfg = Debug|Any CPU
		{CF2D330F-77D5-40B8-83C6-04C357D17947}.Debug|Any CPU.Build.0 = Debug|Any CPU
		{CF2D330F-77D5-40B8-83C6-04C357D17947}.Release|Any CPU.ActiveCfg = Release|Any CPU
		{CF2D330F-77D5-40B8-83C6-04C357D17947}.Release|Any CPU.Build.0 = Release|Any CPU
	EndGlobalSection
	GlobalSection(SolutionProperties) = preSolution
		HideSolutionNode = FALSE
	EndGlobalSection
	GlobalSection(ExtensibilityGlobals) = postSolution
		SolutionGuid = {169EB7C3-3EC7-4B09-B878-819FEAA49BB1}
	EndGlobalSection
EndGlobal
